
Microsoft Visual Studio Solution File, Format Version 12.00
# Visual Studio Version 17
VisualStudioVersion = 17.8.34330.188
MinimumVisualStudioVersion = 10.0.40219.1
Project("{FAE04EC0-301F-11D3-BF4B-00C04F79EFBC}") = "Crud5sbd", "Crud5sbd\Crud5sbd.csproj", "{09B3D1CA-737D-4A6A-92E6-04DFD826FF6D}"
EndProject
Global
	GlobalSection(SolutionConfigurationPlatforms) = preSolution
		Debug|Any CPU = Debug|Any CPU
		Release|Any CPU = Release|Any CPU
	EndGlobalSection
	GlobalSection(ProjectConfigurationPlatforms) = postSolution
		{09B3D1CA-737D-4A6A-92E6-04DFD826FF6D}.Debug|Any CPU.ActiveCfg = Debug|Any CPU
		{09B3D1CA-737D-4A6A-92E6-04DFD826FF6D}.Debug|Any CPU.Build.0 = Debug|Any CPU
		{09B3D1CA-737D-4A6A-92E6-04DFD826FF6D}.Release|Any CPU.ActiveCfg = Release|Any CPU
		{09B3D1CA-737D-4A6A-92E6-04DFD826FF6D}.Release|Any CPU.Build.0 = Release|Any CPU
	EndGlobalSection
	GlobalSection(SolutionProperties) = preSolution
		HideSolutionNode = FALSE
	EndGlobalSection
	GlobalSection(ExtensibilityGlobals) = postSolution
		SolutionGuid = {2882F29C-8650-42F3-B709-CF231AA5ABBD}
	EndGlobalSection
EndGlobal
